
Microsoft Visual Studio Solution File, Format Version 12.00
# Visual Studio Version 17
VisualStudioVersion = 17.0.31903.59
MinimumVisualStudioVersion = 10.0.40219.1
Project("{FAE04EC0-301F-11D3-BF4B-00C04F79EFBC}") = "AdventCalendar2023", "AdventCalendar2023\AdventCalendar2023.csproj", "{981C1655-C19F-4786-8C0B-E0425160817D}"
EndProject
Global
	GlobalSection(SolutionConfigurationPlatforms) = preSolution
		Debug|Any CPU = Debug|Any CPU
		Release|Any CPU = Release|Any CPU
	EndGlobalSection
	GlobalSection(SolutionProperties) = preSolution
		HideSolutionNode = FALSE
	EndGlobalSection
	GlobalSection(ProjectConfigurationPlatforms) = postSolution
		{981C1655-C19F-4786-8C0B-E0425160817D}.Debug|Any CPU.ActiveCfg = Debug|Any CPU
		{981C1655-C19F-4786-8C0B-E0425160817D}.Debug|Any CPU.Build.0 = Debug|Any CPU
		{981C1655-C19F-4786-8C0B-E0425160817D}.Release|Any CPU.ActiveCfg = Release|Any CPU
		{981C1655-C19F-4786-8C0B-E0425160817D}.Release|Any CPU.Build.0 = Release|Any CPU
	EndGlobalSection
EndGlobal
